<?xml version="1.0" encoding="utf-8"?>
<Project ToolsVersion="4.0" xmlns="http://schemas.microsoft.com/developer/msbuild/2003">
  <ItemGroup>
    <Filter Include="Game">
      <UniqueIdentifier>{40649f90-fe1f-4c1f-99dd-1ec69205bd00}</UniqueIdentifier>
    </Filter>
    <Filter Include="Engine">
      <UniqueIdentifier>{681c2381-df2d-4415-9081-6c8dd741973f}</UniqueIdentifier>
    </Filter>
  </ItemGroup>
  <ItemGroup>
    <ClCompile Include="Engine\Window.cpp">
      <Filter>Engine</Filter>
    </ClCompile>
    <ClCompile Include="main.cpp" />
    <ClCompile Include="Engine\Application.cpp">
      <Filter>Engine</Filter>
    </ClCompile>
    <ClCompile Include="Game\Player.cpp">
      <Filter>Game</Filter>
    </ClCompile>
    <ClCompile Include="Game\GameMode.cpp">
      <Filter>Game</Filter>
    </ClCompile>
    <ClCompile Include="Engine\GameState.cpp">
      <Filter>Engine</Filter>
    </ClCompile>
    <ClCompile Include="Engine\GameStateManager.cpp">
      <Filter>Engine</Filter>
    </ClCompile>
    <ClCompile Include="Game\GameMap.cpp">
      <Filter>Game</Filter>
    </ClCompile>
    <ClCompile Include="Game\Block.cpp">
      <Filter>Game</Filter>
    </ClCompile>
    <ClCompile Include="Game\MapName.h">
      <Filter>Game</Filter>
    </ClCompile>
    <ClCompile Include="Game\Spike.cpp">
      <Filter>Game</Filter>
    </ClCompile>
    <ClCompile Include="Game\Platform.cpp">
      <Filter>Game</Filter>
    </ClCompile>
    <ClCompile Include="Game\Flag.cpp">
      <Filter>Game</Filter>
    </ClCompile>
    <ClCompile Include="Engine\GameObjectManager.cpp">
      <Filter>Engine</Filter>
    </ClCompile>
    <ClCompile Include="Engine\GameObject.cpp">
      <Filter>Engine</Filter>
    </ClCompile>
    <ClCompile Include="Engine\TextureManager.cpp">
      <Filter>Engine</Filter>
    </ClCompile>
    <ClCompile Include="Game\Saw.cpp">
      <Filter>Game</Filter>
    </ClCompile>
    <ClCompile Include="Game\MainMenu.cpp">
      <Filter>Game</Filter>
    </ClCompile>
    <ClCompile Include="Game\Trouble.cpp">
      <Filter>Game</Filter>
    </ClCompile>
    <ClCompile Include="Game\UI.cpp">
      <Filter>Game</Filter>
    </ClCompile>
    <ClCompile Include="Game\Dialogue.cpp">
      <Filter>Game</Filter>
    </ClCompile>
    <ClCompile Include="Game\Option.cpp">
      <Filter>Game</Filter>
    </ClCompile>
    <ClCompile Include="Game\SelectBox.cpp">
      <Filter>Game</Filter>
    </ClCompile>
    <ClCompile Include="Game\SelectStage.cpp">
      <Filter>Game</Filter>
    </ClCompile>
    <ClCompile Include="Game\Door.cpp">
      <Filter>Game</Filter>
    </ClCompile>
    <ClCompile Include="Engine\SaveFile.cpp">
      <Filter>Engine</Filter>
    </ClCompile>
    <ClCompile Include="Engine\AudioManager.cpp">
      <Filter>Engine</Filter>
    </ClCompile>
    <ClCompile Include="Game\Box.cpp">
      <Filter>Game</Filter>
    </ClCompile>
    <ClCompile Include="Game\Tutorial.cpp">
      <Filter>Game</Filter>
    </ClCompile>
  </ItemGroup>
  <ItemGroup>
    <ClInclude Include="Engine\Window.h">
      <Filter>Engine</Filter>
    </ClInclude>
    <ClInclude Include="Engine\Application.h">
      <Filter>Engine</Filter>
    </ClInclude>
    <ClInclude Include="Game\Player.h">
      <Filter>Game</Filter>
    </ClInclude>
    <ClInclude Include="Engine\ObjectID.h">
      <Filter>Engine</Filter>
    </ClInclude>
    <ClInclude Include="Game\GameMode.h">
      <Filter>Game</Filter>
    </ClInclude>
    <ClInclude Include="Engine\GameState.h">
      <Filter>Engine</Filter>
    </ClInclude>
    <ClInclude Include="Engine\GameStateManager.h">
      <Filter>Engine</Filter>
    </ClInclude>
    <ClInclude Include="Game\GameMap.h">
      <Filter>Game</Filter>
    </ClInclude>
    <ClInclude Include="Game\Block.h">
      <Filter>Game</Filter>
    </ClInclude>
    <ClInclude Include="Game\Spike.h">
      <Filter>Game</Filter>
    </ClInclude>
    <ClInclude Include="Game\Platform.h">
      <Filter>Game</Filter>
    </ClInclude>
    <ClInclude Include="Game\Flag.h">
      <Filter>Game</Filter>
    </ClInclude>
    <ClInclude Include="Engine\GameObjectManager.h">
      <Filter>Engine</Filter>
    </ClInclude>
    <ClInclude Include="Engine\GameObject.h">
      <Filter>Engine</Filter>
    </ClInclude>
    <ClInclude Include="Engine\TextureManager.h">
      <Filter>Engine</Filter>
    </ClInclude>
    <ClInclude Include="Game\Saw.h">
      <Filter>Game</Filter>
    </ClInclude>
    <ClInclude Include="Game\MainMenu.h">
      <Filter>Game</Filter>
    </ClInclude>
    <ClInclude Include="Game\Trouble.h">
      <Filter>Game</Filter>
    </ClInclude>
    <ClInclude Include="Game\UI.h">
      <Filter>Game</Filter>
    </ClInclude>
    <ClInclude Include="Game\Dialogue.h">
      <Filter>Game</Filter>
    </ClInclude>
    <ClInclude Include="Game\States.h">
      <Filter>Game</Filter>
    </ClInclude>
    <ClInclude Include="Game\Option.h">
      <Filter>Game</Filter>
    </ClInclude>
    <ClInclude Include="Game\SelectBox.h">
      <Filter>Game</Filter>
    </ClInclude>
    <ClInclude Include="Game\SelectStage.h">
      <Filter>Game</Filter>
    </ClInclude>
    <ClInclude Include="Game\Door.h">
      <Filter>Game</Filter>
    </ClInclude>
    <ClInclude Include="Engine\SaveFile.h">
      <Filter>Engine</Filter>
    </ClInclude>
    <ClInclude Include="Engine\AudioManager.h">
      <Filter>Engine</Filter>
    </ClInclude>
    <ClInclude Include="Engine\SoundID.h">
      <Filter>Engine</Filter>
    </ClInclude>
    <ClInclude Include="Engine\MusicID.h">
      <Filter>Engine</Filter>
    </ClInclude>
    <ClInclude Include="Game\Box.h">
      <Filter>Game</Filter>
    </ClInclude>
    <ClInclude Include="Game\Tutorial.h">
      <Filter>Game</Filter>
    </ClInclude>
  </ItemGroup>
</Project>